
Microsoft Visual Studio Solution File, Format Version 12.00
# Visual Studio 15
VisualStudioVersion = 15.0.28307.539
MinimumVisualStudioVersion = 10.0.40219.1
Project("{9A19103F-16F7-4668-BE54-9A1E7A4F7556}") = "WHVM_Razor", "WHVM_Razor\WHVM_Razor.csproj", "{4C596242-D33B-4104-AC50-031B788F0CFE}"
EndProject
Project("{FAE04EC0-301F-11D3-BF4B-00C04F79EFBC}") = "WHVM_MVC", "WHVM_MVC\WHVM_MVC.csproj", "{3585B5D0-5D3F-4876-8ADA-70E6E0E957B7}"
EndProject
Global
	GlobalSection(SolutionConfigurationPlatforms) = preSolution
		Debug|Any CPU = Debug|Any CPU
		Release|Any CPU = Release|Any CPU
	EndGlobalSection
	GlobalSection(ProjectConfigurationPlatforms) = postSolution
		{4C596242-D33B-4104-AC50-031B788F0CFE}.Debug|Any CPU.ActiveCfg = Debug|Any CPU
		{4C596242-D33B-4104-AC50-031B788F0CFE}.Debug|Any CPU.Build.0 = Debug|Any CPU
		{4C596242-D33B-4104-AC50-031B788F0CFE}.Release|Any CPU.ActiveCfg = Release|Any CPU
		{4C596242-D33B-4104-AC50-031B788F0CFE}.Release|Any CPU.Build.0 = Release|Any CPU
		{3585B5D0-5D3F-4876-8ADA-70E6E0E957B7}.Debug|Any CPU.ActiveCfg = Debug|Any CPU
		{3585B5D0-5D3F-4876-8ADA-70E6E0E957B7}.Debug|Any CPU.Build.0 = Debug|Any CPU
		{3585B5D0-5D3F-4876-8ADA-70E6E0E957B7}.Release|Any CPU.ActiveCfg = Release|Any CPU
		{3585B5D0-5D3F-4876-8ADA-70E6E0E957B7}.Release|Any CPU.Build.0 = Release|Any CPU
	EndGlobalSection
	GlobalSection(SolutionProperties) = preSolution
		HideSolutionNode = FALSE
	EndGlobalSection
	GlobalSection(ExtensibilityGlobals) = postSolution
		SolutionGuid = {B8B4ACD4-42BA-4D19-9FD0-806D031C77CE}
	EndGlobalSection
EndGlobal
